
Microsoft Visual Studio Solution File, Format Version 12.00
# Visual Studio Version 17
VisualStudioVersion = 17.5.33530.505
MinimumVisualStudioVersion = 10.0.40219.1
Project("{9A19103F-16F7-4668-BE54-9A1E7A4F7556}") = "Web", "Web\Web.csproj", "{5232A427-168A-4D6F-BB1B-64E4F18448F4}"
EndProject
Project("{FAE04EC0-301F-11D3-BF4B-00C04F79EFBC}") = "Application", "Core\Application\Application.csproj", "{2AE9DA2A-414A-4413-95B3-F186F48DC987}"
EndProject
Project("{FAE04EC0-301F-11D3-BF4B-00C04F79EFBC}") = "Domain", "Core\Domain\Domain.csproj", "{AA2BF663-4CA8-4EF5-99B3-3DBD72BDAF8D}"
EndProject
Project("{FAE04EC0-301F-11D3-BF4B-00C04F79EFBC}") = "Presentation", "External\Presentation\Presentation.csproj", "{56EF07BD-94E0-410F-B8CE-3D09DFDC1CD8}"
EndProject
Project("{FAE04EC0-301F-11D3-BF4B-00C04F79EFBC}") = "Infrastructure", "External\Infrastructure\Infrastructure.csproj", "{1BFDB5FF-3B3A-47C5-8C01-599FCC119080}"
EndProject
Global
	GlobalSection(SolutionConfigurationPlatforms) = preSolution
		Debug|Any CPU = Debug|Any CPU
		Release|Any CPU = Release|Any CPU
	EndGlobalSection
	GlobalSection(ProjectConfigurationPlatforms) = postSolution
		{5232A427-168A-4D6F-BB1B-64E4F18448F4}.Debug|Any CPU.ActiveCfg = Debug|Any CPU
		{5232A427-168A-4D6F-BB1B-64E4F18448F4}.Debug|Any CPU.Build.0 = Debug|Any CPU
		{5232A427-168A-4D6F-BB1B-64E4F18448F4}.Release|Any CPU.ActiveCfg = Release|Any CPU
		{5232A427-168A-4D6F-BB1B-64E4F18448F4}.Release|Any CPU.Build.0 = Release|Any CPU
		{2AE9DA2A-414A-4413-95B3-F186F48DC987}.Debug|Any CPU.ActiveCfg = Debug|Any CPU
		{2AE9DA2A-414A-4413-95B3-F186F48DC987}.Debug|Any CPU.Build.0 = Debug|Any CPU
		{2AE9DA2A-414A-4413-95B3-F186F48DC987}.Release|Any CPU.ActiveCfg = Release|Any CPU
		{2AE9DA2A-414A-4413-95B3-F186F48DC987}.Release|Any CPU.Build.0 = Release|Any CPU
		{AA2BF663-4CA8-4EF5-99B3-3DBD72BDAF8D}.Debug|Any CPU.ActiveCfg = Debug|Any CPU
		{AA2BF663-4CA8-4EF5-99B3-3DBD72BDAF8D}.Debug|Any CPU.Build.0 = Debug|Any CPU
		{AA2BF663-4CA8-4EF5-99B3-3DBD72BDAF8D}.Release|Any CPU.ActiveCfg = Release|Any CPU
		{AA2BF663-4CA8-4EF5-99B3-3DBD72BDAF8D}.Release|Any CPU.Build.0 = Release|Any CPU
		{56EF07BD-94E0-410F-B8CE-3D09DFDC1CD8}.Debug|Any CPU.ActiveCfg = Debug|Any CPU
		{56EF07BD-94E0-410F-B8CE-3D09DFDC1CD8}.Debug|Any CPU.Build.0 = Debug|Any CPU
		{56EF07BD-94E0-410F-B8CE-3D09DFDC1CD8}.Release|Any CPU.ActiveCfg = Release|Any CPU
		{56EF07BD-94E0-410F-B8CE-3D09DFDC1CD8}.Release|Any CPU.Build.0 = Release|Any CPU
		{1BFDB5FF-3B3A-47C5-8C01-599FCC119080}.Debug|Any CPU.ActiveCfg = Debug|Any CPU
		{1BFDB5FF-3B3A-47C5-8C01-599FCC119080}.Debug|Any CPU.Build.0 = Debug|Any CPU
		{1BFDB5FF-3B3A-47C5-8C01-599FCC119080}.Release|Any CPU.ActiveCfg = Release|Any CPU
		{1BFDB5FF-3B3A-47C5-8C01-599FCC119080}.Release|Any CPU.Build.0 = Release|Any CPU
	EndGlobalSection
	GlobalSection(SolutionProperties) = preSolution
		HideSolutionNode = FALSE
	EndGlobalSection
	GlobalSection(ExtensibilityGlobals) = postSolution
		SolutionGuid = {04BE0881-A445-47CF-AB58-3E7F6E624400}
	EndGlobalSection
EndGlobal
